PODS:
  - AFNetworking (2.1.0):
    - AFNetworking/NSURLConnection
    - AFNetworking/NSURLSession
    - AFNetworking/Reachability
    - AFNetworking/Security
    - AFNetworking/Serialization
    - AFNetworking/UIKit
  - AFNetworking/NSURLConnection (2.1.0):
    - AFNetworking/Reachability
    - AFNetworking/Security
    - AFNetworking/Serialization
  - AFNetworking/NSURLSession (2.1.0):
    - AFNetworking/NSURLConnection
  - AFNetworking/Reachability (2.1.0)
  - AFNetworking/Security (2.1.0)
  - AFNetworking/Serialization (2.1.0)
  - AFNetworking/UIKit (2.1.0):
    - AFNetworking/NSURLConnection
  - BZGFormField (1.1.1)
  - Canvas (0.1)
  - DejalActivityView (1.2)
  - GKImagePicker@arkuana (0.0.3)
  - HexColors (2.2.1)
  - M13ProgressSuite (1.0.0)
  - NZAlertView (0.0.5):
    - UIImage-Helpers (~> 0.0.1)
  - NZCircularImageView (0.0.2):
    - UIActivityIndicator-for-SDWebImage (~> 1.0.3)
  - RNBlurModalView (0.1.0)
  - SDWebImage (3.5.2):
    - SDWebImage/Core
  - SDWebImage/Core (3.5.2)
  - SFRoundProgressCounterView (0.0.3):
    - TTTAttributedLabel (~> 1.7.1)
  - TSMessages (0.9.4):
    - HexColors
  - TTTAttributedLabel (1.7.5)
  - UIActivityIndicator-for-SDWebImage (1.0.3):
    - SDWebImage (~> 3.2)
  - UIImage-Helpers (0.0.2)
  - VCTransitionsLibrary (1.4.0)

DEPENDENCIES:
  - AFNetworking (~> 2.0)
  - BZGFormField
  - Canvas
  - DejalActivityView
  - GKImagePicker@arkuana
  - M13ProgressSuite (~> 1.0.0)
  - NZAlertView
  - NZCircularImageView (~> 0.0.2)
  - RNBlurModalView (~> 0.1.0)
  - SFRoundProgressCounterView
  - TSMessages
  - VCTransitionsLibrary

SPEC CHECKSUMS:
  AFNetworking: c7d7901a83f631414c7eda1737261f696101a5cd
  BZGFormField: 33de12659f977d04da345940ba737d3174702cbe
  Canvas: 1d94806aab1ef0486df719f80f47eccf40a08ae5
  DejalActivityView: 3a7f7a2be287c0f25f547762815c40709b02169c
  GKImagePicker@arkuana: a5a0dca241c616cf4aba31ffa81be8dcb0638eef
  HexColors: 3a68db077cd6572a8f7d4aa1add284dd2436a934
  M13ProgressSuite: 34c28a6eb72313660b4676ec2f05742a665700a7
  NZAlertView: f966e974133ef9443728c761de59437f1ad65ab0
  NZCircularImageView: 621335fd2f255719a3cbff50cf8207398d50d926
  RNBlurModalView: ab3855ced43749cb0fb4d370160bd2908476c8b6
  SDWebImage: fe7ce01ae4e0a884d168f59c9dd82d35baf8429e
  SFRoundProgressCounterView: e4693f3f208d253ffb995965e68fa9e82bfa78a4
  TSMessages: 5ab92604b02e49a755d2cc2baf114d2248a90977
  TTTAttributedLabel: 1eb635d4d844cb7abce4d839faefca2a3409950d
  UIActivityIndicator-for-SDWebImage: e712b97826395022ce7b4a4b56eb7194090c19d5
  UIImage-Helpers: 085a931740604e2e3256a70217bef6436d1a2ca8
  VCTransitionsLibrary: 328859e78311d45cf393a69a879417133a68c309

COCOAPODS: 0.29.0
